// !$*UTF8*$!
{
	archiveVersion = 1;
	classes = {
	};
	objectVersion = 46;
	objects = {

/* Begin PBXBuildFile section */
		A70355751AF5413200F2036C /* TNKContentNavigationController.swift in Sources */ = {isa = PBXBuildFile; fileRef = A70355741AF5413200F2036C /* TNKContentNavigationController.swift */; };
		A70355781AF5429700F2036C /* TNKMainMenuController.swift in Sources */ = {isa = PBXBuildFile; fileRef = A70355771AF5429700F2036C /* TNKMainMenuController.swift */; };
		A703557B1AF542E000F2036C /* TNKGameController.swift in Sources */ = {isa = PBXBuildFile; fileRef = A703557A1AF542E000F2036C /* TNKGameController.swift */; };
		A70355801AF550DD00F2036C /* UISwipeDirectionGestureRecognizer.swift in Sources */ = {isa = PBXBuildFile; fileRef = A703557F1AF550DD00F2036C /* UISwipeDirectionGestureRecognizer.swift */; };
		A70355821AF5562600F2036C /* CGPointExtension.swift in Sources */ = {isa = PBXBuildFile; fileRef = A70355811AF5562600F2036C /* CGPointExtension.swift */; };
		A70355841AF5789400F2036C /* V3D.swift in Sources */ = {isa = PBXBuildFile; fileRef = A70355831AF5789400F2036C /* V3D.swift */; };
		A70355871AF583C700F2036C /* Grid2D.swift in Sources */ = {isa = PBXBuildFile; fileRef = A70355861AF583C700F2036C /* Grid2D.swift */; };
		A703558B1AF5843C00F2036C /* Obj2D.swift in Sources */ = {isa = PBXBuildFile; fileRef = A703558A1AF5843C00F2036C /* Obj2D.swift */; };
		A703558D1AF584AD00F2036C /* Game2D.swift in Sources */ = {isa = PBXBuildFile; fileRef = A703558C1AF584AD00F2036C /* Game2D.swift */; };
		A708742D1AEEFBF700C299D5 /* Images.xcassets in Resources */ = {isa = PBXBuildFile; fileRef = A708742C1AEEFBF700C299D5 /* Images.xcassets */; };
		A70874481AEEFE1300C299D5 /* AppDelegate.swift in Sources */ = {isa = PBXBuildFile; fileRef = A70874461AEEFE1300C299D5 /* AppDelegate.swift */; };
		A70874491AEEFE1300C299D5 /* ViewController.swift in Sources */ = {isa = PBXBuildFile; fileRef = A70874471AEEFE1300C299D5 /* ViewController.swift */; };
		A727D1541AF58C0C0060C562 /* data in Resources */ = {isa = PBXBuildFile; fileRef = A727D1531AF58C0C0060C562 /* data */; };
		A727D1561AF5A67F0060C562 /* V2D.swift in Sources */ = {isa = PBXBuildFile; fileRef = A727D1551AF5A67F0060C562 /* V2D.swift */; };
		A727D1581AF5A86A0060C562 /* Cam2D.swift in Sources */ = {isa = PBXBuildFile; fileRef = A727D1571AF5A86A0060C562 /* Cam2D.swift */; };
		A727D15A1AF5A9400060C562 /* Block2D.swift in Sources */ = {isa = PBXBuildFile; fileRef = A727D1591AF5A9400060C562 /* Block2D.swift */; };
		A727D15C1AF5B6320060C562 /* Cell2D.swift in Sources */ = {isa = PBXBuildFile; fileRef = A727D15B1AF5B6320060C562 /* Cell2D.swift */; };
		A727D1641AF6B3F30060C562 /* Char2D.swift in Sources */ = {isa = PBXBuildFile; fileRef = A727D1631AF6B3F30060C562 /* Char2D.swift */; };
		A727D1661AF6B7730060C562 /* CharSequencer.swift in Sources */ = {isa = PBXBuildFile; fileRef = A727D1651AF6B7730060C562 /* CharSequencer.swift */; };
		A727D1681AF6B9210060C562 /* Resource.swift in Sources */ = {isa = PBXBuildFile; fileRef = A727D1671AF6B9210060C562 /* Resource.swift */; };
		A727D16A1AF6C82F0060C562 /* Input2D.swift in Sources */ = {isa = PBXBuildFile; fileRef = A727D1691AF6C82F0060C562 /* Input2D.swift */; };
		A727D16C1AF6C90A0060C562 /* Dispatch.swift in Sources */ = {isa = PBXBuildFile; fileRef = A727D16B1AF6C90A0060C562 /* Dispatch.swift */; };
		A727D16E1AF6E0E90060C562 /* Code.swift in Sources */ = {isa = PBXBuildFile; fileRef = A727D16D1AF6E0E90060C562 /* Code.swift */; };
		A727D1701AF721640060C562 /* Level2D.swift in Sources */ = {isa = PBXBuildFile; fileRef = A727D16F1AF721640060C562 /* Level2D.swift */; };
		A727D1721AF726680060C562 /* Physics2D.swift in Sources */ = {isa = PBXBuildFile; fileRef = A727D1711AF726680060C562 /* Physics2D.swift */; };
		A727D1741AF72A340060C562 /* SKSpriteNode2D.swift in Sources */ = {isa = PBXBuildFile; fileRef = A727D1731AF72A340060C562 /* SKSpriteNode2D.swift */; };
		A73224601AF83C43003A10FC /* monospice.ttf in Resources */ = {isa = PBXBuildFile; fileRef = A732245B1AF83C43003A10FC /* monospice.ttf */; };
		A73224611AF83C43003A10FC /* Tankmen Title.ttf in Resources */ = {isa = PBXBuildFile; fileRef = A732245C1AF83C43003A10FC /* Tankmen Title.ttf */; };
		A73224621AF83C43003A10FC /* tankmen.ttf in Resources */ = {isa = PBXBuildFile; fileRef = A732245D1AF83C43003A10FC /* tankmen.ttf */; };
		A73224631AF83C43003A10FC /* Tekuteku.ttf in Resources */ = {isa = PBXBuildFile; fileRef = A732245E1AF83C43003A10FC /* Tekuteku.ttf */; };
		A73224641AF83C43003A10FC /* TekutekuPOCCNR.ttf in Resources */ = {isa = PBXBuildFile; fileRef = A732245F1AF83C43003A10FC /* TekutekuPOCCNR.ttf */; };
		A73224671AF83DFE003A10FC /* ResourceTankmen.swift in Sources */ = {isa = PBXBuildFile; fileRef = A73224661AF83DFE003A10FC /* ResourceTankmen.swift */; };
		A7892F331AFB3DCA0062F606 /* SKScene2D.swift in Sources */ = {isa = PBXBuildFile; fileRef = A7892F321AFB3DCA0062F606 /* SKScene2D.swift */; };
		A7B8EFED1AF9DB2D003F48A1 /* SKObj2D.swift in Sources */ = {isa = PBXBuildFile; fileRef = A7B8EFEC1AF9DB2D003F48A1 /* SKObj2D.swift */; };
		A7B8EFEF1AF9DC2F003F48A1 /* SKNode2D.swift in Sources */ = {isa = PBXBuildFile; fileRef = A7B8EFEE1AF9DC2F003F48A1 /* SKNode2D.swift */; };
		CC6C96C506D2B5755C8DDE20 /* libPods.a in Frameworks */ = {isa = PBXBuildFile; fileRef = 498703DBE99034EDF0D43700 /* libPods.a */; };
/* End PBXBuildFile section */

/* Begin PBXFileReference section */
		498703DBE99034EDF0D43700 /* libPods.a */ = {isa = PBXFileReference; explicitFileType = archive.ar; includeInIndex = 0; path = libPods.a; sourceTree = BUILT_PRODUCTS_DIR; };
		64E0C08E1B0CE1B3B2DD4C7D /* Pods.debug.xcconfig */ = {isa = PBXFileReference; includeInIndex = 1; lastKnownFileType = text.xcconfig; name = Pods.debug.xcconfig; path = "Pods/Target Support Files/Pods/Pods.debug.xcconfig"; sourceTree = "<group>"; };
		A2EC7DEE21744323013C673A /* Pods.release.xcconfig */ = {isa = PBXFileReference; includeInIndex = 1; lastKnownFileType = text.xcconfig; name = Pods.release.xcconfig; path = "Pods/Target Support Files/Pods/Pods.release.xcconfig"; sourceTree = "<group>"; };
		A70355741AF5413200F2036C /* TNKContentNavigationController.swift */ = {isa = PBXFileReference; fileEncoding = 4; lastKnownFileType = sourcecode.swift; path = TNKContentNavigationController.swift; sourceTree = "<group>"; };
		A70355771AF5429700F2036C /* TNKMainMenuController.swift */ = {isa = PBXFileReference; fileEncoding = 4; lastKnownFileType = sourcecode.swift; path = TNKMainMenuController.swift; sourceTree = "<group>"; };
		A703557A1AF542E000F2036C /* TNKGameController.swift */ = {isa = PBXFileReference; fileEncoding = 4; lastKnownFileType = sourcecode.swift; path = TNKGameController.swift; sourceTree = "<group>"; };
		A703557F1AF550DD00F2036C /* UISwipeDirectionGestureRecognizer.swift */ = {isa = PBXFileReference; fileEncoding = 4; lastKnownFileType = sourcecode.swift; path = UISwipeDirectionGestureRecognizer.swift; sourceTree = "<group>"; };
		A70355811AF5562600F2036C /* CGPointExtension.swift */ = {isa = PBXFileReference; fileEncoding = 4; lastKnownFileType = sourcecode.swift; path = CGPointExtension.swift; sourceTree = "<group>"; };
		A70355831AF5789400F2036C /* V3D.swift */ = {isa = PBXFileReference; fileEncoding = 4; lastKnownFileType = sourcecode.swift; path = V3D.swift; sourceTree = "<group>"; };
		A70355861AF583C700F2036C /* Grid2D.swift */ = {isa = PBXFileReference; fileEncoding = 4; lastKnownFileType = sourcecode.swift; path = Grid2D.swift; sourceTree = "<group>"; };
		A703558A1AF5843C00F2036C /* Obj2D.swift */ = {isa = PBXFileReference; fileEncoding = 4; lastKnownFileType = sourcecode.swift; path = Obj2D.swift; sourceTree = "<group>"; };
		A703558C1AF584AD00F2036C /* Game2D.swift */ = {isa = PBXFileReference; fileEncoding = 4; lastKnownFileType = sourcecode.swift; path = Game2D.swift; sourceTree = "<group>"; };
		A70874201AEEFBF700C299D5 /* tankmen.app */ = {isa = PBXFileReference; explicitFileType = wrapper.application; includeInIndex = 0; path = tankmen.app; sourceTree = BUILT_PRODUCTS_DIR; };
		A70874241AEEFBF700C299D5 /* Info.plist */ = {isa = PBXFileReference; lastKnownFileType = text.plist.xml; path = Info.plist; sourceTree = "<group>"; };
		A708742C1AEEFBF700C299D5 /* Images.xcassets */ = {isa = PBXFileReference; lastKnownFileType = folder.assetcatalog; path = Images.xcassets; sourceTree = "<group>"; };
		A708743A1AEEFBF700C299D5 /* Info.plist */ = {isa = PBXFileReference; lastKnownFileType = text.plist.xml; path = Info.plist; sourceTree = "<group>"; };
		A708743B1AEEFBF700C299D5 /* tankmenTests.swift */ = {isa = PBXFileReference; lastKnownFileType = sourcecode.swift; path = tankmenTests.swift; sourceTree = "<group>"; };
		A70874461AEEFE1300C299D5 /* AppDelegate.swift */ = {isa = PBXFileReference; fileEncoding = 4; lastKnownFileType = sourcecode.swift; path = AppDelegate.swift; sourceTree = "<group>"; };
		A70874471AEEFE1300C299D5 /* ViewController.swift */ = {isa = PBXFileReference; fileEncoding = 4; lastKnownFileType = sourcecode.swift; path = ViewController.swift; sourceTree = "<group>"; };
		A727D1531AF58C0C0060C562 /* data */ = {isa = PBXFileReference; lastKnownFileType = folder; path = data; sourceTree = "<group>"; };
		A727D1551AF5A67F0060C562 /* V2D.swift */ = {isa = PBXFileReference; fileEncoding = 4; lastKnownFileType = sourcecode.swift; path = V2D.swift; sourceTree = "<group>"; };
		A727D1571AF5A86A0060C562 /* Cam2D.swift */ = {isa = PBXFileReference; fileEncoding = 4; lastKnownFileType = sourcecode.swift; path = Cam2D.swift; sourceTree = "<group>"; };
		A727D1591AF5A9400060C562 /* Block2D.swift */ = {isa = PBXFileReference; fileEncoding = 4; lastKnownFileType = sourcecode.swift; path = Block2D.swift; sourceTree = "<group>"; };
		A727D15B1AF5B6320060C562 /* Cell2D.swift */ = {isa = PBXFileReference; fileEncoding = 4; lastKnownFileType = sourcecode.swift; path = Cell2D.swift; sourceTree = "<group>"; };
		A727D1631AF6B3F30060C562 /* Char2D.swift */ = {isa = PBXFileReference; fileEncoding = 4; lastKnownFileType = sourcecode.swift; path = Char2D.swift; sourceTree = "<group>"; };
		A727D1651AF6B7730060C562 /* CharSequencer.swift */ = {isa = PBXFileReference; fileEncoding = 4; lastKnownFileType = sourcecode.swift; path = CharSequencer.swift; sourceTree = "<group>"; };
		A727D1671AF6B9210060C562 /* Resource.swift */ = {isa = PBXFileReference; fileEncoding = 4; lastKnownFileType = sourcecode.swift; path = Resource.swift; sourceTree = "<group>"; };
		A727D1691AF6C82F0060C562 /* Input2D.swift */ = {isa = PBXFileReference; fileEncoding = 4; lastKnownFileType = sourcecode.swift; path = Input2D.swift; sourceTree = "<group>"; };
		A727D16B1AF6C90A0060C562 /* Dispatch.swift */ = {isa = PBXFileReference; fileEncoding = 4; lastKnownFileType = sourcecode.swift; path = Dispatch.swift; sourceTree = "<group>"; };
		A727D16D1AF6E0E90060C562 /* Code.swift */ = {isa = PBXFileReference; fileEncoding = 4; lastKnownFileType = sourcecode.swift; path = Code.swift; sourceTree = "<group>"; };
		A727D16F1AF721640060C562 /* Level2D.swift */ = {isa = PBXFileReference; fileEncoding = 4; lastKnownFileType = sourcecode.swift; path = Level2D.swift; sourceTree = "<group>"; };
		A727D1711AF726680060C562 /* Physics2D.swift */ = {isa = PBXFileReference; fileEncoding = 4; lastKnownFileType = sourcecode.swift; path = Physics2D.swift; sourceTree = "<group>"; };
		A727D1731AF72A340060C562 /* SKSpriteNode2D.swift */ = {isa = PBXFileReference; fileEncoding = 4; lastKnownFileType = sourcecode.swift; path = SKSpriteNode2D.swift; sourceTree = "<group>"; };
		A732245B1AF83C43003A10FC /* monospice.ttf */ = {isa = PBXFileReference; lastKnownFileType = file; path = monospice.ttf; sourceTree = "<group>"; };
		A732245C1AF83C43003A10FC /* Tankmen Title.ttf */ = {isa = PBXFileReference; lastKnownFileType = file; path = "Tankmen Title.ttf"; sourceTree = "<group>"; };
		A732245D1AF83C43003A10FC /* tankmen.ttf */ = {isa = PBXFileReference; lastKnownFileType = file; path = tankmen.ttf; sourceTree = "<group>"; };
		A732245E1AF83C43003A10FC /* Tekuteku.ttf */ = {isa = PBXFileReference; lastKnownFileType = file; path = Tekuteku.ttf; sourceTree = "<group>"; };
		A732245F1AF83C43003A10FC /* TekutekuPOCCNR.ttf */ = {isa = PBXFileReference; lastKnownFileType = file; path = TekutekuPOCCNR.ttf; sourceTree = "<group>"; };
		A73224661AF83DFE003A10FC /* ResourceTankmen.swift */ = {isa = PBXFileReference; fileEncoding = 4; lastKnownFileType = sourcecode.swift; path = ResourceTankmen.swift; sourceTree = "<group>"; };
		A7892F321AFB3DCA0062F606 /* SKScene2D.swift */ = {isa = PBXFileReference; fileEncoding = 4; lastKnownFileType = sourcecode.swift; path = SKScene2D.swift; sourceTree = "<group>"; };
		A7B8EFEC1AF9DB2D003F48A1 /* SKObj2D.swift */ = {isa = PBXFileReference; fileEncoding = 4; lastKnownFileType = sourcecode.swift; path = SKObj2D.swift; sourceTree = "<group>"; };
		A7B8EFEE1AF9DC2F003F48A1 /* SKNode2D.swift */ = {isa = PBXFileReference; fileEncoding = 4; lastKnownFileType = sourcecode.swift; path = SKNode2D.swift; sourceTree = "<group>"; };
/* End PBXFileReference section */

/* Begin PBXFrameworksBuildPhase section */
		A708741D1AEEFBF700C299D5 /* Frameworks */ = {
			isa = PBXFrameworksBuildPhase;
			buildActionMask = 2147483647;
			files = (
				CC6C96C506D2B5755C8DDE20 /* libPods.a in Frameworks */,
			);
			runOnlyForDeploymentPostprocessing = 0;
		};
/* End PBXFrameworksBuildPhase section */

/* Begin PBXGroup section */
		18F76D1ACD84C9399A266FFB /* Frameworks */ = {
			isa = PBXGroup;
			children = (
				498703DBE99034EDF0D43700 /* libPods.a */,
			);
			name = Frameworks;
			sourceTree = "<group>";
		};
		A70355731AF5413200F2036C /* main */ = {
			isa = PBXGroup;
			children = (
				A70355741AF5413200F2036C /* TNKContentNavigationController.swift */,
			);
			path = main;
			sourceTree = "<group>";
		};
		A70355761AF5429700F2036C /* menu */ = {
			isa = PBXGroup;
			children = (
				A70355771AF5429700F2036C /* TNKMainMenuController.swift */,
			);
			path = menu;
			sourceTree = "<group>";
		};
		A70355791AF542E000F2036C /* gameplay */ = {
			isa = PBXGroup;
			children = (
				A703557A1AF542E000F2036C /* TNKGameController.swift */,
			);
			path = gameplay;
			sourceTree = "<group>";
		};
		A703557E1AF550DD00F2036C /* code */ = {
			isa = PBXGroup;
			children = (
				A703557F1AF550DD00F2036C /* UISwipeDirectionGestureRecognizer.swift */,
				A70355811AF5562600F2036C /* CGPointExtension.swift */,
				A70355831AF5789400F2036C /* V3D.swift */,
				A727D1551AF5A67F0060C562 /* V2D.swift */,
				A727D16B1AF6C90A0060C562 /* Dispatch.swift */,
				A727D16D1AF6E0E90060C562 /* Code.swift */,
			);
			name = code;
			path = source/code;
			sourceTree = "<group>";
		};
		A70355851AF583C700F2036C /* game */ = {
			isa = PBXGroup;
			children = (
				A703558C1AF584AD00F2036C /* Game2D.swift */,
				A70355861AF583C700F2036C /* Grid2D.swift */,
				A727D15B1AF5B6320060C562 /* Cell2D.swift */,
				A703558A1AF5843C00F2036C /* Obj2D.swift */,
				A727D1571AF5A86A0060C562 /* Cam2D.swift */,
				A727D1591AF5A9400060C562 /* Block2D.swift */,
				A727D1711AF726680060C562 /* Physics2D.swift */,
				A727D1631AF6B3F30060C562 /* Char2D.swift */,
				A727D1651AF6B7730060C562 /* CharSequencer.swift */,
				A727D1671AF6B9210060C562 /* Resource.swift */,
				A727D16F1AF721640060C562 /* Level2D.swift */,
				A727D1691AF6C82F0060C562 /* Input2D.swift */,
				A727D1731AF72A340060C562 /* SKSpriteNode2D.swift */,
				A7B8EFEC1AF9DB2D003F48A1 /* SKObj2D.swift */,
				A7B8EFEE1AF9DC2F003F48A1 /* SKNode2D.swift */,
				A7892F321AFB3DCA0062F606 /* SKScene2D.swift */,
			);
			name = game;
			path = source/game;
			sourceTree = "<group>";
		};
		A70874171AEEFBF700C299D5 = {
			isa = PBXGroup;
			children = (
				A70874221AEEFBF700C299D5 /* tankmen */,
				A70874381AEEFBF700C299D5 /* tankmenTests */,
				A70874211AEEFBF700C299D5 /* Products */,
				D0384B0F6EBEE46F8A906A27 /* Pods */,
				18F76D1ACD84C9399A266FFB /* Frameworks */,
			);
			sourceTree = "<group>";
		};
		A70874211AEEFBF700C299D5 /* Products */ = {
			isa = PBXGroup;
			children = (
				A70874201AEEFBF700C299D5 /* tankmen.app */,
			);
			name = Products;
			sourceTree = "<group>";
		};
		A70874221AEEFBF700C299D5 /* tankmen */ = {
			isa = PBXGroup;
			children = (
				A732245A1AF83C43003A10FC /* fonts */,
				A727D1531AF58C0C0060C562 /* data */,
				A708744A1AEEFE2300C299D5 /* source */,
				A708742C1AEEFBF700C299D5 /* Images.xcassets */,
				A70874231AEEFBF700C299D5 /* Supporting Files */,
			);
			path = tankmen;
			sourceTree = "<group>";
		};
		A70874231AEEFBF700C299D5 /* Supporting Files */ = {
			isa = PBXGroup;
			children = (
				A70874241AEEFBF700C299D5 /* Info.plist */,
			);
			name = "Supporting Files";
			sourceTree = "<group>";
		};
		A70874381AEEFBF700C299D5 /* tankmenTests */ = {
			isa = PBXGroup;
			children = (
				A708743B1AEEFBF700C299D5 /* tankmenTests.swift */,
				A70874391AEEFBF700C299D5 /* Supporting Files */,
			);
			path = tankmenTests;
			sourceTree = "<group>";
		};
		A70874391AEEFBF700C299D5 /* Supporting Files */ = {
			isa = PBXGroup;
			children = (
				A708743A1AEEFBF700C299D5 /* Info.plist */,
			);
			name = "Supporting Files";
			sourceTree = "<group>";
		};
		A70874451AEEFE1300C299D5 /* display */ = {
			isa = PBXGroup;
			children = (
				A70874461AEEFE1300C299D5 /* AppDelegate.swift */,
				A70874471AEEFE1300C299D5 /* ViewController.swift */,
				A70355791AF542E000F2036C /* gameplay */,
				A70355761AF5429700F2036C /* menu */,
				A70355731AF5413200F2036C /* main */,
			);
			name = display;
			path = source/display;
			sourceTree = "<group>";
		};
		A708744A1AEEFE2300C299D5 /* source */ = {
			isa = PBXGroup;
			children = (
				A70355851AF583C700F2036C /* game */,
				A703557E1AF550DD00F2036C /* code */,
				A73224651AF83DFE003A10FC /* tankmen */,
				A70874451AEEFE1300C299D5 /* display */,
			);
			name = source;
			sourceTree = "<group>";
		};
		A732245A1AF83C43003A10FC /* fonts */ = {
			isa = PBXGroup;
			children = (
				A732245B1AF83C43003A10FC /* monospice.ttf */,
				A732245C1AF83C43003A10FC /* Tankmen Title.ttf */,
				A732245D1AF83C43003A10FC /* tankmen.ttf */,
				A732245E1AF83C43003A10FC /* Tekuteku.ttf */,
				A732245F1AF83C43003A10FC /* TekutekuPOCCNR.ttf */,
			);
			path = fonts;
			sourceTree = "<group>";
		};
		A73224651AF83DFE003A10FC /* tankmen */ = {
			isa = PBXGroup;
			children = (
				A73224661AF83DFE003A10FC /* ResourceTankmen.swift */,
			);
			name = tankmen;
			path = source/tankmen;
			sourceTree = "<group>";
		};
		D0384B0F6EBEE46F8A906A27 /* Pods */ = {
			isa = PBXGroup;
			children = (
				64E0C08E1B0CE1B3B2DD4C7D /* Pods.debug.xcconfig */,
				A2EC7DEE21744323013C673A /* Pods.release.xcconfig */,
			);
			name = Pods;
			sourceTree = "<group>";
		};
/* End PBXGroup section */

/* Begin PBXNativeTarget section */
		A708741F1AEEFBF700C299D5 /* tankmen */ = {
			isa = PBXNativeTarget;
			buildConfigurationList = A708743F1AEEFBF700C299D5 /* Build configuration list for PBXNativeTarget "tankmen" */;
			buildPhases = (
				C1A25E95B31D26F3D8307296 /* Check Pods Manifest.lock */,
				A708741C1AEEFBF700C299D5 /* Sources */,
				A708741D1AEEFBF700C299D5 /* Frameworks */,
				A708741E1AEEFBF700C299D5 /* Resources */,
				6FEF1C7ED64A34078A6708B0 /* Copy Pods Resources */,
			);
			buildRules = (
			);
			dependencies = (
			);
			name = tankmen;
			productName = tankmen;
			productReference = A70874201AEEFBF700C299D5 /* tankmen.app */;
			productType = "com.apple.product-type.application";
		};
/* End PBXNativeTarget section */

/* Begin PBXProject section */
		A70874181AEEFBF700C299D5 /* Project object */ = {
			isa = PBXProject;
			attributes = {
				LastUpgradeCheck = 0630;
				ORGANIZATIONNAME = "j&r";
				TargetAttributes = {
					A708741F1AEEFBF700C299D5 = {
						CreatedOnToolsVersion = 6.3.1;
					};
				};
			};
			buildConfigurationList = A708741B1AEEFBF700C299D5 /* Build configuration list for PBXProject "tankmen" */;
			compatibilityVersion = "Xcode 3.2";
			developmentRegion = English;
			hasScannedForEncodings = 0;
			knownRegions = (
				en,
				Base,
			);
			mainGroup = A70874171AEEFBF700C299D5;
			productRefGroup = A70874211AEEFBF700C299D5 /* Products */;
			projectDirPath = "";
			projectRoot = "";
			targets = (
				A708741F1AEEFBF700C299D5 /* tankmen */,
			);
		};
/* End PBXProject section */

/* Begin PBXResourcesBuildPhase section */
		A708741E1AEEFBF700C299D5 /* Resources */ = {
			isa = PBXResourcesBuildPhase;
			buildActionMask = 2147483647;
			files = (
				A73224601AF83C43003A10FC /* monospice.ttf in Resources */,
				A73224621AF83C43003A10FC /* tankmen.ttf in Resources */,
				A73224611AF83C43003A10FC /* Tankmen Title.ttf in Resources */,
				A727D1541AF58C0C0060C562 /* data in Resources */,
				A73224631AF83C43003A10FC /* Tekuteku.ttf in Resources */,
				A708742D1AEEFBF700C299D5 /* Images.xcassets in Resources */,
				A73224641AF83C43003A10FC /* TekutekuPOCCNR.ttf in Resources */,
			);
			runOnlyForDeploymentPostprocessing = 0;
		};
/* End PBXResourcesBuildPhase section */

/* Begin PBXShellScriptBuildPhase section */
		6FEF1C7ED64A34078A6708B0 /* Copy Pods Resources */ = {
			isa = PBXShellScriptBuildPhase;
			buildActionMask = 2147483647;
			files = (
			);
			inputPaths = (
			);
			name = "Copy Pods Resources";
			outputPaths = (
			);
			runOnlyForDeploymentPostprocessing = 0;
			shellPath = /bin/sh;
			shellScript = "\"${SRCROOT}/Pods/Target Support Files/Pods/Pods-resources.sh\"\n";
			showEnvVarsInLog = 0;
		};
		C1A25E95B31D26F3D8307296 /* Check Pods Manifest.lock */ = {
			isa = PBXShellScriptBuildPhase;
			buildActionMask = 2147483647;
			files = (
			);
			inputPaths = (
			);
			name = "Check Pods Manifest.lock";
			outputPaths = (
			);
			runOnlyForDeploymentPostprocessing = 0;
			shellPath = /bin/sh;
			shellScript = "diff \"${PODS_ROOT}/../Podfile.lock\" \"${PODS_ROOT}/Manifest.lock\" > /dev/null\nif [[ $? != 0 ]] ; then\n    cat << EOM\nerror: The sandbox is not in sync with the Podfile.lock. Run 'pod install' or update your CocoaPods installation.\nEOM\n    exit 1\nfi\n";
			showEnvVarsInLog = 0;
		};
/* End PBXShellScriptBuildPhase section */

/* Begin PBXSourcesBuildPhase section */
		A708741C1AEEFBF700C299D5 /* Sources */ = {
			isa = PBXSourcesBuildPhase;
			buildActionMask = 2147483647;
			files = (
				A70355801AF550DD00F2036C /* UISwipeDirectionGestureRecognizer.swift in Sources */,
				A703558D1AF584AD00F2036C /* Game2D.swift in Sources */,
				A727D1701AF721640060C562 /* Level2D.swift in Sources */,
				A73224671AF83DFE003A10FC /* ResourceTankmen.swift in Sources */,
				A70355841AF5789400F2036C /* V3D.swift in Sources */,
				A7B8EFED1AF9DB2D003F48A1 /* SKObj2D.swift in Sources */,
				A727D16A1AF6C82F0060C562 /* Input2D.swift in Sources */,
				A70355751AF5413200F2036C /* TNKContentNavigationController.swift in Sources */,
				A727D1561AF5A67F0060C562 /* V2D.swift in Sources */,
				A727D15A1AF5A9400060C562 /* Block2D.swift in Sources */,
				A727D1581AF5A86A0060C562 /* Cam2D.swift in Sources */,
				A70355781AF5429700F2036C /* TNKMainMenuController.swift in Sources */,
				A70874491AEEFE1300C299D5 /* ViewController.swift in Sources */,
				A7B8EFEF1AF9DC2F003F48A1 /* SKNode2D.swift in Sources */,
				A727D1681AF6B9210060C562 /* Resource.swift in Sources */,
				A727D1721AF726680060C562 /* Physics2D.swift in Sources */,
				A727D1741AF72A340060C562 /* SKSpriteNode2D.swift in Sources */,
				A703558B1AF5843C00F2036C /* Obj2D.swift in Sources */,
				A70874481AEEFE1300C299D5 /* AppDelegate.swift in Sources */,
				A727D1641AF6B3F30060C562 /* Char2D.swift in Sources */,
				A7892F331AFB3DCA0062F606 /* SKScene2D.swift in Sources */,
				A727D15C1AF5B6320060C562 /* Cell2D.swift in Sources */,
				A70355871AF583C700F2036C /* Grid2D.swift in Sources */,
				A703557B1AF542E000F2036C /* TNKGameController.swift in Sources */,
				A727D16C1AF6C90A0060C562 /* Dispatch.swift in Sources */,
				A70355821AF5562600F2036C /* CGPointExtension.swift in Sources */,
				A727D16E1AF6E0E90060C562 /* Code.swift in Sources */,
				A727D1661AF6B7730060C562 /* CharSequencer.swift in Sources */,
			);
			runOnlyForDeploymentPostprocessing = 0;
		};
/* End PBXSourcesBuildPhase section */

/* Begin XCBuildConfiguration section */
		A708743D1AEEFBF700C299D5 /* Debug */ = {
			isa = XCBuildConfiguration;
			buildSettings = {
				ALWAYS_SEARCH_USER_PATHS = NO;
				CLANG_CXX_LANGUAGE_STANDARD = "gnu++0x";
				CLANG_CXX_LIBRARY = "libc++";
				CLANG_ENABLE_MODULES = YES;
				CLANG_ENABLE_OBJC_ARC = YES;
				CLANG_WARN_BOOL_CONVERSION = YES;
				CLANG_WARN_CONSTANT_CONVERSION = YES;
				CLANG_WARN_DIRECT_OBJC_ISA_USAGE = YES_ERROR;
				CLANG_WARN_EMPTY_BODY = YES;
				CLANG_WARN_ENUM_CONVERSION = YES;
				CLANG_WARN_INT_CONVERSION = YES;
				CLANG_WARN_OBJC_ROOT_CLASS = YES_ERROR;
				CLANG_WARN_UNREACHABLE_CODE = YES;
				CLANG_WARN__DUPLICATE_METHOD_MATCH = YES;
				"CODE_SIGN_IDENTITY[sdk=iphoneos*]" = "iPhone Developer";
				COPY_PHASE_STRIP = NO;
				DEBUG_INFORMATION_FORMAT = "dwarf-with-dsym";
				ENABLE_STRICT_OBJC_MSGSEND = YES;
				GCC_C_LANGUAGE_STANDARD = gnu99;
				GCC_DYNAMIC_NO_PIC = NO;
				GCC_NO_COMMON_BLOCKS = YES;
				GCC_OPTIMIZATION_LEVEL = 0;
				GCC_PREPROCESSOR_DEFINITIONS = (
					"DEBUG=1",
					"$(inherited)",
				);
				GCC_SYMBOLS_PRIVATE_EXTERN = NO;
				GCC_WARN_64_TO_32_BIT_CONVERSION = YES;
				GCC_WARN_ABOUT_RETURN_TYPE = YES_ERROR;
				GCC_WARN_UNDECLARED_SELECTOR = YES;
				GCC_WARN_UNINITIALIZED_AUTOS = YES_AGGRESSIVE;
				GCC_WARN_UNUSED_FUNCTION = YES;
				GCC_WARN_UNUSED_VARIABLE = YES;
				IPHONEOS_DEPLOYMENT_TARGET = 8.3;
				MTL_ENABLE_DEBUG_INFO = YES;
				ONLY_ACTIVE_ARCH = YES;
				SDKROOT = iphoneos;
				SWIFT_OPTIMIZATION_LEVEL = "-Onone";
				TARGETED_DEVICE_FAMILY = "1,2";
			};
			name = Debug;
		};
		A708743E1AEEFBF700C299D5 /* Release */ = {
			isa = XCBuildConfiguration;
			buildSettings = {
				ALWAYS_SEARCH_USER_PATHS = NO;
				CLANG_CXX_LANGUAGE_STANDARD = "gnu++0x";
				CLANG_CXX_LIBRARY = "libc++";
				CLANG_ENABLE_MODULES = YES;
				CLANG_ENABLE_OBJC_ARC = YES;
				CLANG_WARN_BOOL_CONVERSION = YES;
				CLANG_WARN_CONSTANT_CONVERSION = YES;
				CLANG_WARN_DIRECT_OBJC_ISA_USAGE = YES_ERROR;
				CLANG_WARN_EMPTY_BODY = YES;
				CLANG_WARN_ENUM_CONVERSION = YES;
				CLANG_WARN_INT_CONVERSION = YES;
				CLANG_WARN_OBJC_ROOT_CLASS = YES_ERROR;
				CLANG_WARN_UNREACHABLE_CODE = YES;
				CLANG_WARN__DUPLICATE_METHOD_MATCH = YES;
				"CODE_SIGN_IDENTITY[sdk=iphoneos*]" = "iPhone Developer";
				COPY_PHASE_STRIP = NO;
				DEBUG_INFORMATION_FORMAT = "dwarf-with-dsym";
				ENABLE_NS_ASSERTIONS = NO;
				ENABLE_STRICT_OBJC_MSGSEND = YES;
				GCC_C_LANGUAGE_STANDARD = gnu99;
				GCC_NO_COMMON_BLOCKS = YES;
				GCC_WARN_64_TO_32_BIT_CONVERSION = YES;
				GCC_WARN_ABOUT_RETURN_TYPE = YES_ERROR;
				GCC_WARN_UNDECLARED_SELECTOR = YES;
				GCC_WARN_UNINITIALIZED_AUTOS = YES_AGGRESSIVE;
				GCC_WARN_UNUSED_FUNCTION = YES;
				GCC_WARN_UNUSED_VARIABLE = YES;
				IPHONEOS_DEPLOYMENT_TARGET = 8.3;
				MTL_ENABLE_DEBUG_INFO = NO;
				SDKROOT = iphoneos;
				TARGETED_DEVICE_FAMILY = "1,2";
				VALIDATE_PRODUCT = YES;
			};
			name = Release;
		};
		A70874401AEEFBF700C299D5 /* Debug */ = {
			isa = XCBuildConfiguration;
			baseConfigurationReference = 64E0C08E1B0CE1B3B2DD4C7D /* Pods.debug.xcconfig */;
			buildSettings = {
				ASSETCATALOG_COMPILER_APPICON_NAME = AppIcon;
				ASSETCATALOG_COMPILER_LAUNCHIMAGE_NAME = LaunchImage;
				CODE_SIGN_IDENTITY = "iPhone Developer";
				INFOPLIST_FILE = tankmen/Info.plist;
				IPHONEOS_DEPLOYMENT_TARGET = 8.0;
				LD_RUNPATH_SEARCH_PATHS = "$(inherited) @executable_path/Frameworks";
				PRODUCT_NAME = "$(TARGET_NAME)";
				PROVISIONING_PROFILE = "5823e3a6-bba1-4d6b-820b-958d945be880";
			};
			name = Debug;
		};
		A70874411AEEFBF700C299D5 /* Release */ = {
			isa = XCBuildConfiguration;
			baseConfigurationReference = A2EC7DEE21744323013C673A /* Pods.release.xcconfig */;
			buildSettings = {
				ASSETCATALOG_COMPILER_APPICON_NAME = AppIcon;
				ASSETCATALOG_COMPILER_LAUNCHIMAGE_NAME = LaunchImage;
				CODE_SIGN_IDENTITY = "iPhone Developer";
				INFOPLIST_FILE = tankmen/Info.plist;
				IPHONEOS_DEPLOYMENT_TARGET = 8.0;
				LD_RUNPATH_SEARCH_PATHS = "$(inherited) @executable_path/Frameworks";
				PRODUCT_NAME = "$(TARGET_NAME)";
				PROVISIONING_PROFILE = "5823e3a6-bba1-4d6b-820b-958d945be880";
			};
			name = Release;
		};
/* End XCBuildConfiguration section */

/* Begin XCConfigurationList section */
		A708741B1AEEFBF700C299D5 /* Build configuration list for PBXProject "tankmen" */ = {
			isa = XCConfigurationList;
			buildConfigurations = (
				A708743D1AEEFBF700C299D5 /* Debug */,
				A708743E1AEEFBF700C299D5 /* Release */,
			);
			defaultConfigurationIsVisible = 0;
			defaultConfigurationName = Release;
		};
		A708743F1AEEFBF700C299D5 /* Build configuration list for PBXNativeTarget "tankmen" */ = {
			isa = XCConfigurationList;
			buildConfigurations = (
				A70874401AEEFBF700C299D5 /* Debug */,
				A70874411AEEFBF700C299D5 /* Release */,
			);
			defaultConfigurationIsVisible = 0;
			defaultConfigurationName = Release;
		};
/* End XCConfigurationList section */
	};
	rootObject = A70874181AEEFBF700C299D5 /* Project object */;
}
