// !$*UTF8*$!
{
	archiveVersion = 1;
	classes = {
	};
	objectVersion = 46;
	objects = {

/* Begin PBXBuildFile section */
		A70355751AF5413200F2036C /* TNKContentNavigationController.swift in Sources */ = {isa = PBXBuildFile; fileRef = A70355741AF5413200F2036C /* TNKContentNavigationController.swift */; };
		A70355781AF5429700F2036C /* TNKMainMenuController.swift in Sources */ = {isa = PBXBuildFile; fileRef = A70355771AF5429700F2036C /* TNKMainMenuController.swift */; };
		A703557B1AF542E000F2036C /* TNKGameController.swift in Sources */ = {isa = PBXBuildFile; fileRef = A703557A1AF542E000F2036C /* TNKGameController.swift */; };
		A708742D1AEEFBF700C299D5 /* Images.xcassets in Resources */ = {isa = PBXBuildFile; fileRef = A708742C1AEEFBF700C299D5 /* Images.xcassets */; };
		A708743C1AEEFBF700C299D5 /* tankmenTests.swift in Sources */ = {isa = PBXBuildFile; fileRef = A708743B1AEEFBF700C299D5 /* tankmenTests.swift */; };
		A70874481AEEFE1300C299D5 /* AppDelegate.swift in Sources */ = {isa = PBXBuildFile; fileRef = A70874461AEEFE1300C299D5 /* AppDelegate.swift */; };
		A70874491AEEFE1300C299D5 /* ViewController.swift in Sources */ = {isa = PBXBuildFile; fileRef = A70874471AEEFE1300C299D5 /* ViewController.swift */; };
/* End PBXBuildFile section */

/* Begin PBXContainerItemProxy section */
		A70874361AEEFBF700C299D5 /* PBXContainerItemProxy */ = {
			isa = PBXContainerItemProxy;
			containerPortal = A70874181AEEFBF700C299D5 /* Project object */;
			proxyType = 1;
			remoteGlobalIDString = A708741F1AEEFBF700C299D5;
			remoteInfo = tankmen;
		};
/* End PBXContainerItemProxy section */

/* Begin PBXFileReference section */
		A70355741AF5413200F2036C /* TNKContentNavigationController.swift */ = {isa = PBXFileReference; fileEncoding = 4; lastKnownFileType = sourcecode.swift; path = TNKContentNavigationController.swift; sourceTree = "<group>"; };
		A70355771AF5429700F2036C /* TNKMainMenuController.swift */ = {isa = PBXFileReference; fileEncoding = 4; lastKnownFileType = sourcecode.swift; path = TNKMainMenuController.swift; sourceTree = "<group>"; };
		A703557A1AF542E000F2036C /* TNKGameController.swift */ = {isa = PBXFileReference; fileEncoding = 4; lastKnownFileType = sourcecode.swift; path = TNKGameController.swift; sourceTree = "<group>"; };
		A70874201AEEFBF700C299D5 /* tankmen.app */ = {isa = PBXFileReference; explicitFileType = wrapper.application; includeInIndex = 0; path = tankmen.app; sourceTree = BUILT_PRODUCTS_DIR; };
		A70874241AEEFBF700C299D5 /* Info.plist */ = {isa = PBXFileReference; lastKnownFileType = text.plist.xml; path = Info.plist; sourceTree = "<group>"; };
		A708742C1AEEFBF700C299D5 /* Images.xcassets */ = {isa = PBXFileReference; lastKnownFileType = folder.assetcatalog; path = Images.xcassets; sourceTree = "<group>"; };
		A70874351AEEFBF700C299D5 /* tankmenTests.xctest */ = {isa = PBXFileReference; explicitFileType = wrapper.cfbundle; includeInIndex = 0; path = tankmenTests.xctest; sourceTree = BUILT_PRODUCTS_DIR; };
		A708743A1AEEFBF700C299D5 /* Info.plist */ = {isa = PBXFileReference; lastKnownFileType = text.plist.xml; path = Info.plist; sourceTree = "<group>"; };
		A708743B1AEEFBF700C299D5 /* tankmenTests.swift */ = {isa = PBXFileReference; lastKnownFileType = sourcecode.swift; path = tankmenTests.swift; sourceTree = "<group>"; };
		A70874461AEEFE1300C299D5 /* AppDelegate.swift */ = {isa = PBXFileReference; fileEncoding = 4; lastKnownFileType = sourcecode.swift; path = AppDelegate.swift; sourceTree = "<group>"; };
		A70874471AEEFE1300C299D5 /* ViewController.swift */ = {isa = PBXFileReference; fileEncoding = 4; lastKnownFileType = sourcecode.swift; path = ViewController.swift; sourceTree = "<group>"; };
/* End PBXFileReference section */

/* Begin PBXFrameworksBuildPhase section */
		A708741D1AEEFBF700C299D5 /* Frameworks */ = {
			isa = PBXFrameworksBuildPhase;
			buildActionMask = 2147483647;
			files = (
			);
			runOnlyForDeploymentPostprocessing = 0;
		};
		A70874321AEEFBF700C299D5 /* Frameworks */ = {
			isa = PBXFrameworksBuildPhase;
			buildActionMask = 2147483647;
			files = (
			);
			runOnlyForDeploymentPostprocessing = 0;
		};
/* End PBXFrameworksBuildPhase section */

/* Begin PBXGroup section */
		A70355731AF5413200F2036C /* main */ = {
			isa = PBXGroup;
			children = (
				A70355741AF5413200F2036C /* TNKContentNavigationController.swift */,
			);
			path = main;
			sourceTree = "<group>";
		};
		A70355761AF5429700F2036C /* menu */ = {
			isa = PBXGroup;
			children = (
				A70355771AF5429700F2036C /* TNKMainMenuController.swift */,
			);
			path = menu;
			sourceTree = "<group>";
		};
		A70355791AF542E000F2036C /* gameplay */ = {
			isa = PBXGroup;
			children = (
				A703557A1AF542E000F2036C /* TNKGameController.swift */,
			);
			path = gameplay;
			sourceTree = "<group>";
		};
		A70874171AEEFBF700C299D5 = {
			isa = PBXGroup;
			children = (
				A70874221AEEFBF700C299D5 /* tankmen */,
				A70874381AEEFBF700C299D5 /* tankmenTests */,
				A70874211AEEFBF700C299D5 /* Products */,
			);
			sourceTree = "<group>";
		};
		A70874211AEEFBF700C299D5 /* Products */ = {
			isa = PBXGroup;
			children = (
				A70874201AEEFBF700C299D5 /* tankmen.app */,
				A70874351AEEFBF700C299D5 /* tankmenTests.xctest */,
			);
			name = Products;
			sourceTree = "<group>";
		};
		A70874221AEEFBF700C299D5 /* tankmen */ = {
			isa = PBXGroup;
			children = (
				A708744A1AEEFE2300C299D5 /* source */,
				A708742C1AEEFBF700C299D5 /* Images.xcassets */,
				A70874231AEEFBF700C299D5 /* Supporting Files */,
			);
			path = tankmen;
			sourceTree = "<group>";
		};
		A70874231AEEFBF700C299D5 /* Supporting Files */ = {
			isa = PBXGroup;
			children = (
				A70874241AEEFBF700C299D5 /* Info.plist */,
			);
			name = "Supporting Files";
			sourceTree = "<group>";
		};
		A70874381AEEFBF700C299D5 /* tankmenTests */ = {
			isa = PBXGroup;
			children = (
				A708743B1AEEFBF700C299D5 /* tankmenTests.swift */,
				A70874391AEEFBF700C299D5 /* Supporting Files */,
			);
			path = tankmenTests;
			sourceTree = "<group>";
		};
		A70874391AEEFBF700C299D5 /* Supporting Files */ = {
			isa = PBXGroup;
			children = (
				A708743A1AEEFBF700C299D5 /* Info.plist */,
			);
			name = "Supporting Files";
			sourceTree = "<group>";
		};
		A70874451AEEFE1300C299D5 /* display */ = {
			isa = PBXGroup;
			children = (
				A70874461AEEFE1300C299D5 /* AppDelegate.swift */,
				A70874471AEEFE1300C299D5 /* ViewController.swift */,
				A70355791AF542E000F2036C /* gameplay */,
				A70355761AF5429700F2036C /* menu */,
				A70355731AF5413200F2036C /* main */,
			);
			name = display;
			path = source/display;
			sourceTree = "<group>";
		};
		A708744A1AEEFE2300C299D5 /* source */ = {
			isa = PBXGroup;
			children = (
				A70874451AEEFE1300C299D5 /* display */,
			);
			name = source;
			sourceTree = "<group>";
		};
/* End PBXGroup section */

/* Begin PBXNativeTarget section */
		A708741F1AEEFBF700C299D5 /* tankmen */ = {
			isa = PBXNativeTarget;
			buildConfigurationList = A708743F1AEEFBF700C299D5 /* Build configuration list for PBXNativeTarget "tankmen" */;
			buildPhases = (
				A708741C1AEEFBF700C299D5 /* Sources */,
				A708741D1AEEFBF700C299D5 /* Frameworks */,
				A708741E1AEEFBF700C299D5 /* Resources */,
			);
			buildRules = (
			);
			dependencies = (
			);
			name = tankmen;
			productName = tankmen;
			productReference = A70874201AEEFBF700C299D5 /* tankmen.app */;
			productType = "com.apple.product-type.application";
		};
		A70874341AEEFBF700C299D5 /* tankmenTests */ = {
			isa = PBXNativeTarget;
			buildConfigurationList = A70874421AEEFBF700C299D5 /* Build configuration list for PBXNativeTarget "tankmenTests" */;
			buildPhases = (
				A70874311AEEFBF700C299D5 /* Sources */,
				A70874321AEEFBF700C299D5 /* Frameworks */,
				A70874331AEEFBF700C299D5 /* Resources */,
			);
			buildRules = (
			);
			dependencies = (
				A70874371AEEFBF700C299D5 /* PBXTargetDependency */,
			);
			name = tankmenTests;
			productName = tankmenTests;
			productReference = A70874351AEEFBF700C299D5 /* tankmenTests.xctest */;
			productType = "com.apple.product-type.bundle.unit-test";
		};
/* End PBXNativeTarget section */

/* Begin PBXProject section */
		A70874181AEEFBF700C299D5 /* Project object */ = {
			isa = PBXProject;
			attributes = {
				LastUpgradeCheck = 0630;
				ORGANIZATIONNAME = "j&r";
				TargetAttributes = {
					A708741F1AEEFBF700C299D5 = {
						CreatedOnToolsVersion = 6.3.1;
					};
					A70874341AEEFBF700C299D5 = {
						CreatedOnToolsVersion = 6.3.1;
						TestTargetID = A708741F1AEEFBF700C299D5;
					};
				};
			};
			buildConfigurationList = A708741B1AEEFBF700C299D5 /* Build configuration list for PBXProject "tankmen" */;
			compatibilityVersion = "Xcode 3.2";
			developmentRegion = English;
			hasScannedForEncodings = 0;
			knownRegions = (
				en,
				Base,
			);
			mainGroup = A70874171AEEFBF700C299D5;
			productRefGroup = A70874211AEEFBF700C299D5 /* Products */;
			projectDirPath = "";
			projectRoot = "";
			targets = (
				A708741F1AEEFBF700C299D5 /* tankmen */,
				A70874341AEEFBF700C299D5 /* tankmenTests */,
			);
		};
/* End PBXProject section */

/* Begin PBXResourcesBuildPhase section */
		A708741E1AEEFBF700C299D5 /* Resources */ = {
			isa = PBXResourcesBuildPhase;
			buildActionMask = 2147483647;
			files = (
				A708742D1AEEFBF700C299D5 /* Images.xcassets in Resources */,
			);
			runOnlyForDeploymentPostprocessing = 0;
		};
		A70874331AEEFBF700C299D5 /* Resources */ = {
			isa = PBXResourcesBuildPhase;
			buildActionMask = 2147483647;
			files = (
			);
			runOnlyForDeploymentPostprocessing = 0;
		};
/* End PBXResourcesBuildPhase section */

/* Begin PBXSourcesBuildPhase section */
		A708741C1AEEFBF700C299D5 /* Sources */ = {
			isa = PBXSourcesBuildPhase;
			buildActionMask = 2147483647;
			files = (
				A70355751AF5413200F2036C /* TNKContentNavigationController.swift in Sources */,
				A70355781AF5429700F2036C /* TNKMainMenuController.swift in Sources */,
				A70874491AEEFE1300C299D5 /* ViewController.swift in Sources */,
				A70874481AEEFE1300C299D5 /* AppDelegate.swift in Sources */,
				A703557B1AF542E000F2036C /* TNKGameController.swift in Sources */,
			);
			runOnlyForDeploymentPostprocessing = 0;
		};
		A70874311AEEFBF700C299D5 /* Sources */ = {
			isa = PBXSourcesBuildPhase;
			buildActionMask = 2147483647;
			files = (
				A708743C1AEEFBF700C299D5 /* tankmenTests.swift in Sources */,
			);
			runOnlyForDeploymentPostprocessing = 0;
		};
/* End PBXSourcesBuildPhase section */

/* Begin PBXTargetDependency section */
		A70874371AEEFBF700C299D5 /* PBXTargetDependency */ = {
			isa = PBXTargetDependency;
			target = A708741F1AEEFBF700C299D5 /* tankmen */;
			targetProxy = A70874361AEEFBF700C299D5 /* PBXContainerItemProxy */;
		};
/* End PBXTargetDependency section */

/* Begin XCBuildConfiguration section */
		A708743D1AEEFBF700C299D5 /* Debug */ = {
			isa = XCBuildConfiguration;
			buildSettings = {
				ALWAYS_SEARCH_USER_PATHS = NO;
				CLANG_CXX_LANGUAGE_STANDARD = "gnu++0x";
				CLANG_CXX_LIBRARY = "libc++";
				CLANG_ENABLE_MODULES = YES;
				CLANG_ENABLE_OBJC_ARC = YES;
				CLANG_WARN_BOOL_CONVERSION = YES;
				CLANG_WARN_CONSTANT_CONVERSION = YES;
				CLANG_WARN_DIRECT_OBJC_ISA_USAGE = YES_ERROR;
				CLANG_WARN_EMPTY_BODY = YES;
				CLANG_WARN_ENUM_CONVERSION = YES;
				CLANG_WARN_INT_CONVERSION = YES;
				CLANG_WARN_OBJC_ROOT_CLASS = YES_ERROR;
				CLANG_WARN_UNREACHABLE_CODE = YES;
				CLANG_WARN__DUPLICATE_METHOD_MATCH = YES;
				"CODE_SIGN_IDENTITY[sdk=iphoneos*]" = "iPhone Developer";
				COPY_PHASE_STRIP = NO;
				DEBUG_INFORMATION_FORMAT = "dwarf-with-dsym";
				ENABLE_STRICT_OBJC_MSGSEND = YES;
				GCC_C_LANGUAGE_STANDARD = gnu99;
				GCC_DYNAMIC_NO_PIC = NO;
				GCC_NO_COMMON_BLOCKS = YES;
				GCC_OPTIMIZATION_LEVEL = 0;
				GCC_PREPROCESSOR_DEFINITIONS = (
					"DEBUG=1",
					"$(inherited)",
				);
				GCC_SYMBOLS_PRIVATE_EXTERN = NO;
				GCC_WARN_64_TO_32_BIT_CONVERSION = YES;
				GCC_WARN_ABOUT_RETURN_TYPE = YES_ERROR;
				GCC_WARN_UNDECLARED_SELECTOR = YES;
				GCC_WARN_UNINITIALIZED_AUTOS = YES_AGGRESSIVE;
				GCC_WARN_UNUSED_FUNCTION = YES;
				GCC_WARN_UNUSED_VARIABLE = YES;
				IPHONEOS_DEPLOYMENT_TARGET = 8.3;
				MTL_ENABLE_DEBUG_INFO = YES;
				ONLY_ACTIVE_ARCH = YES;
				SDKROOT = iphoneos;
				SWIFT_OPTIMIZATION_LEVEL = "-Onone";
				TARGETED_DEVICE_FAMILY = "1,2";
			};
			name = Debug;
		};
		A708743E1AEEFBF700C299D5 /* Release */ = {
			isa = XCBuildConfiguration;
			buildSettings = {
				ALWAYS_SEARCH_USER_PATHS = NO;
				CLANG_CXX_LANGUAGE_STANDARD = "gnu++0x";
				CLANG_CXX_LIBRARY = "libc++";
				CLANG_ENABLE_MODULES = YES;
				CLANG_ENABLE_OBJC_ARC = YES;
				CLANG_WARN_BOOL_CONVERSION = YES;
				CLANG_WARN_CONSTANT_CONVERSION = YES;
				CLANG_WARN_DIRECT_OBJC_ISA_USAGE = YES_ERROR;
				CLANG_WARN_EMPTY_BODY = YES;
				CLANG_WARN_ENUM_CONVERSION = YES;
				CLANG_WARN_INT_CONVERSION = YES;
				CLANG_WARN_OBJC_ROOT_CLASS = YES_ERROR;
				CLANG_WARN_UNREACHABLE_CODE = YES;
				CLANG_WARN__DUPLICATE_METHOD_MATCH = YES;
				"CODE_SIGN_IDENTITY[sdk=iphoneos*]" = "iPhone Developer";
				COPY_PHASE_STRIP = NO;
				DEBUG_INFORMATION_FORMAT = "dwarf-with-dsym";
				ENABLE_NS_ASSERTIONS = NO;
				ENABLE_STRICT_OBJC_MSGSEND = YES;
				GCC_C_LANGUAGE_STANDARD = gnu99;
				GCC_NO_COMMON_BLOCKS = YES;
				GCC_WARN_64_TO_32_BIT_CONVERSION = YES;
				GCC_WARN_ABOUT_RETURN_TYPE = YES_ERROR;
				GCC_WARN_UNDECLARED_SELECTOR = YES;
				GCC_WARN_UNINITIALIZED_AUTOS = YES_AGGRESSIVE;
				GCC_WARN_UNUSED_FUNCTION = YES;
				GCC_WARN_UNUSED_VARIABLE = YES;
				IPHONEOS_DEPLOYMENT_TARGET = 8.3;
				MTL_ENABLE_DEBUG_INFO = NO;
				SDKROOT = iphoneos;
				TARGETED_DEVICE_FAMILY = "1,2";
				VALIDATE_PRODUCT = YES;
			};
			name = Release;
		};
		A70874401AEEFBF700C299D5 /* Debug */ = {
			isa = XCBuildConfiguration;
			buildSettings = {
				ASSETCATALOG_COMPILER_APPICON_NAME = AppIcon;
				ASSETCATALOG_COMPILER_LAUNCHIMAGE_NAME = LaunchImage;
				INFOPLIST_FILE = tankmen/Info.plist;
				IPHONEOS_DEPLOYMENT_TARGET = 8.0;
				LD_RUNPATH_SEARCH_PATHS = "$(inherited) @executable_path/Frameworks";
				PRODUCT_NAME = "$(TARGET_NAME)";
			};
			name = Debug;
		};
		A70874411AEEFBF700C299D5 /* Release */ = {
			isa = XCBuildConfiguration;
			buildSettings = {
				ASSETCATALOG_COMPILER_APPICON_NAME = AppIcon;
				ASSETCATALOG_COMPILER_LAUNCHIMAGE_NAME = LaunchImage;
				INFOPLIST_FILE = tankmen/Info.plist;
				IPHONEOS_DEPLOYMENT_TARGET = 8.0;
				LD_RUNPATH_SEARCH_PATHS = "$(inherited) @executable_path/Frameworks";
				PRODUCT_NAME = "$(TARGET_NAME)";
			};
			name = Release;
		};
		A70874431AEEFBF700C299D5 /* Debug */ = {
			isa = XCBuildConfiguration;
			buildSettings = {
				BUNDLE_LOADER = "$(TEST_HOST)";
				FRAMEWORK_SEARCH_PATHS = (
					"$(SDKROOT)/Developer/Library/Frameworks",
					"$(inherited)",
				);
				GCC_PREPROCESSOR_DEFINITIONS = (
					"DEBUG=1",
					"$(inherited)",
				);
				INFOPLIST_FILE = tankmenTests/Info.plist;
				LD_RUNPATH_SEARCH_PATHS = "$(inherited) @executable_path/Frameworks @loader_path/Frameworks";
				PRODUCT_NAME = "$(TARGET_NAME)";
				TEST_HOST = "$(BUILT_PRODUCTS_DIR)/tankmen.app/tankmen";
			};
			name = Debug;
		};
		A70874441AEEFBF700C299D5 /* Release */ = {
			isa = XCBuildConfiguration;
			buildSettings = {
				BUNDLE_LOADER = "$(TEST_HOST)";
				FRAMEWORK_SEARCH_PATHS = (
					"$(SDKROOT)/Developer/Library/Frameworks",
					"$(inherited)",
				);
				INFOPLIST_FILE = tankmenTests/Info.plist;
				LD_RUNPATH_SEARCH_PATHS = "$(inherited) @executable_path/Frameworks @loader_path/Frameworks";
				PRODUCT_NAME = "$(TARGET_NAME)";
				TEST_HOST = "$(BUILT_PRODUCTS_DIR)/tankmen.app/tankmen";
			};
			name = Release;
		};
/* End XCBuildConfiguration section */

/* Begin XCConfigurationList section */
		A708741B1AEEFBF700C299D5 /* Build configuration list for PBXProject "tankmen" */ = {
			isa = XCConfigurationList;
			buildConfigurations = (
				A708743D1AEEFBF700C299D5 /* Debug */,
				A708743E1AEEFBF700C299D5 /* Release */,
			);
			defaultConfigurationIsVisible = 0;
			defaultConfigurationName = Release;
		};
		A708743F1AEEFBF700C299D5 /* Build configuration list for PBXNativeTarget "tankmen" */ = {
			isa = XCConfigurationList;
			buildConfigurations = (
				A70874401AEEFBF700C299D5 /* Debug */,
				A70874411AEEFBF700C299D5 /* Release */,
			);
			defaultConfigurationIsVisible = 0;
			defaultConfigurationName = Release;
		};
		A70874421AEEFBF700C299D5 /* Build configuration list for PBXNativeTarget "tankmenTests" */ = {
			isa = XCConfigurationList;
			buildConfigurations = (
				A70874431AEEFBF700C299D5 /* Debug */,
				A70874441AEEFBF700C299D5 /* Release */,
			);
			defaultConfigurationIsVisible = 0;
			defaultConfigurationName = Release;
		};
/* End XCConfigurationList section */
	};
	rootObject = A70874181AEEFBF700C299D5 /* Project object */;
}
